// !$*UTF8*$!
{
	archiveVersion = 1;
	classes = {
	};
	objectVersion = 48;
	objects = {

/* Begin PBXBuildFile section */
		C2ABEB5BC845410E49EB16AE /* Pods_Scrun_Fun.framework in Frameworks */ = {isa = PBXBuildFile; fileRef = A0CFF08803928814E5E68EF2 /* Pods_Scrun_Fun.framework */; };
		F127D6981FA33BB400891A74 /* AppDelegate.swift in Sources */ = {isa = PBXBuildFile; fileRef = F127D6971FA33BB400891A74 /* AppDelegate.swift */; };
		F127D69A1FA33BB400891A74 /* ViewController.swift in Sources */ = {isa = PBXBuildFile; fileRef = F127D6991FA33BB400891A74 /* ViewController.swift */; };
		F127D69D1FA33BB400891A74 /* Main.storyboard in Resources */ = {isa = PBXBuildFile; fileRef = F127D69B1FA33BB400891A74 /* Main.storyboard */; };
		F127D6A01FA33BB400891A74 /* Scrun_Fun.xcdatamodeld in Sources */ = {isa = PBXBuildFile; fileRef = F127D69E1FA33BB400891A74 /* Scrun_Fun.xcdatamodeld */; };
		F127D6A21FA33BB400891A74 /* Assets.xcassets in Resources */ = {isa = PBXBuildFile; fileRef = F127D6A11FA33BB400891A74 /* Assets.xcassets */; };
		F127D6A51FA33BB400891A74 /* LaunchScreen.storyboard in Resources */ = {isa = PBXBuildFile; fileRef = F127D6A31FA33BB400891A74 /* LaunchScreen.storyboard */; };
		F127D6AD1FA33BEB00891A74 /* Game.swift in Sources */ = {isa = PBXBuildFile; fileRef = F127D6AC1FA33BEB00891A74 /* Game.swift */; };
		F127D6AF1FA33D1A00891A74 /* State.swift in Sources */ = {isa = PBXBuildFile; fileRef = F127D6AE1FA33D1A00891A74 /* State.swift */; };
		F127D6B11FA33DB100891A74 /* Developer.swift in Sources */ = {isa = PBXBuildFile; fileRef = F127D6B01FA33DB100891A74 /* Developer.swift */; };
		F127D6B31FA340B200891A74 /* StartEndGame.swift in Sources */ = {isa = PBXBuildFile; fileRef = F127D6B21FA340B200891A74 /* StartEndGame.swift */; };
		F127D6B51FA348C900891A74 /* SetupScreen.swift in Sources */ = {isa = PBXBuildFile; fileRef = F127D6B41FA348C900891A74 /* SetupScreen.swift */; };
		F12BFE211FA45A43004499AE /* PlanEventCell.swift in Sources */ = {isa = PBXBuildFile; fileRef = F12BFE201FA45A43004499AE /* PlanEventCell.swift */; };
		F168B5D51FA379FC003B936C /* Phase.swift in Sources */ = {isa = PBXBuildFile; fileRef = F168B5D41FA379FC003B936C /* Phase.swift */; };
		F170A5FF1FA3B2480018CCA2 /* PlanningEvent.swift in Sources */ = {isa = PBXBuildFile; fileRef = F170A5FE1FA3B2480018CCA2 /* PlanningEvent.swift */; };
		F19BC91D1FA3CDAC005D106E /* events.json in Resources */ = {isa = PBXBuildFile; fileRef = F19BC91C1FA3CDAC005D106E /* events.json */; };
		F1F83DB71FA34EA2004DC422 /* TeamCell.swift in Sources */ = {isa = PBXBuildFile; fileRef = F1F83DB61FA34EA2004DC422 /* TeamCell.swift */; };
/* End PBXBuildFile section */

/* Begin PBXFileReference section */
		1C991346158DFD75BB9A8BC2 /* Pods-Scrun Fun.debug.xcconfig */ = {isa = PBXFileReference; includeInIndex = 1; lastKnownFileType = text.xcconfig; name = "Pods-Scrun Fun.debug.xcconfig"; path = "Pods/Target Support Files/Pods-Scrun Fun/Pods-Scrun Fun.debug.xcconfig"; sourceTree = "<group>"; };
		4A92F46B925962FAC90B3370 /* Pods-Scrun Fun.release.xcconfig */ = {isa = PBXFileReference; includeInIndex = 1; lastKnownFileType = text.xcconfig; name = "Pods-Scrun Fun.release.xcconfig"; path = "Pods/Target Support Files/Pods-Scrun Fun/Pods-Scrun Fun.release.xcconfig"; sourceTree = "<group>"; };
		A0CFF08803928814E5E68EF2 /* Pods_Scrun_Fun.framework */ = {isa = PBXFileReference; explicitFileType = wrapper.framework; includeInIndex = 0; path = Pods_Scrun_Fun.framework; sourceTree = BUILT_PRODUCTS_DIR; };
		F127D6941FA33BB400891A74 /* Scrun Fun.app */ = {isa = PBXFileReference; explicitFileType = wrapper.application; includeInIndex = 0; path = "Scrun Fun.app"; sourceTree = BUILT_PRODUCTS_DIR; };
		F127D6971FA33BB400891A74 /* AppDelegate.swift */ = {isa = PBXFileReference; lastKnownFileType = sourcecode.swift; path = AppDelegate.swift; sourceTree = "<group>"; };
		F127D6991FA33BB400891A74 /* ViewController.swift */ = {isa = PBXFileReference; lastKnownFileType = sourcecode.swift; path = ViewController.swift; sourceTree = "<group>"; };
		F127D69C1FA33BB400891A74 /* Base */ = {isa = PBXFileReference; lastKnownFileType = file.storyboard; name = Base; path = Base.lproj/Main.storyboard; sourceTree = "<group>"; };
		F127D69F1FA33BB400891A74 /* Scrun_Fun.xcdatamodel */ = {isa = PBXFileReference; lastKnownFileType = wrapper.xcdatamodel; path = Scrun_Fun.xcdatamodel; sourceTree = "<group>"; };
		F127D6A11FA33BB400891A74 /* Assets.xcassets */ = {isa = PBXFileReference; lastKnownFileType = folder.assetcatalog; path = Assets.xcassets; sourceTree = "<group>"; };
		F127D6A41FA33BB400891A74 /* Base */ = {isa = PBXFileReference; lastKnownFileType = file.storyboard; name = Base; path = Base.lproj/LaunchScreen.storyboard; sourceTree = "<group>"; };
		F127D6A61FA33BB400891A74 /* Info.plist */ = {isa = PBXFileReference; lastKnownFileType = text.plist.xml; path = Info.plist; sourceTree = "<group>"; };
		F127D6AC1FA33BEB00891A74 /* Game.swift */ = {isa = PBXFileReference; lastKnownFileType = sourcecode.swift; path = Game.swift; sourceTree = "<group>"; };
		F127D6AE1FA33D1A00891A74 /* State.swift */ = {isa = PBXFileReference; lastKnownFileType = sourcecode.swift; path = State.swift; sourceTree = "<group>"; };
		F127D6B01FA33DB100891A74 /* Developer.swift */ = {isa = PBXFileReference; lastKnownFileType = sourcecode.swift; path = Developer.swift; sourceTree = "<group>"; };
		F127D6B21FA340B200891A74 /* StartEndGame.swift */ = {isa = PBXFileReference; lastKnownFileType = sourcecode.swift; path = StartEndGame.swift; sourceTree = "<group>"; };
		F127D6B41FA348C900891A74 /* SetupScreen.swift */ = {isa = PBXFileReference; lastKnownFileType = sourcecode.swift; path = SetupScreen.swift; sourceTree = "<group>"; };
		F12BFE201FA45A43004499AE /* PlanEventCell.swift */ = {isa = PBXFileReference; lastKnownFileType = sourcecode.swift; path = PlanEventCell.swift; sourceTree = "<group>"; };
		F168B5D41FA379FC003B936C /* Phase.swift */ = {isa = PBXFileReference; lastKnownFileType = sourcecode.swift; path = Phase.swift; sourceTree = "<group>"; };
		F170A5FE1FA3B2480018CCA2 /* PlanningEvent.swift */ = {isa = PBXFileReference; lastKnownFileType = sourcecode.swift; path = PlanningEvent.swift; sourceTree = "<group>"; };
		F19BC91C1FA3CDAC005D106E /* events.json */ = {isa = PBXFileReference; fileEncoding = 4; lastKnownFileType = text.json; path = events.json; sourceTree = "<group>"; };
		F1F83DB61FA34EA2004DC422 /* TeamCell.swift */ = {isa = PBXFileReference; lastKnownFileType = sourcecode.swift; path = TeamCell.swift; sourceTree = "<group>"; };
/* End PBXFileReference section */

/* Begin PBXFrameworksBuildPhase section */
		F127D6911FA33BB400891A74 /* Frameworks */ = {
			isa = PBXFrameworksBuildPhase;
			buildActionMask = 2147483647;
			files = (
				C2ABEB5BC845410E49EB16AE /* Pods_Scrun_Fun.framework in Frameworks */,
			);
			runOnlyForDeploymentPostprocessing = 0;
		};
/* End PBXFrameworksBuildPhase section */

/* Begin PBXGroup section */
		9AF666F34EF9C0241E445C51 /* Pods */ = {
			isa = PBXGroup;
			children = (
				1C991346158DFD75BB9A8BC2 /* Pods-Scrun Fun.debug.xcconfig */,
				4A92F46B925962FAC90B3370 /* Pods-Scrun Fun.release.xcconfig */,
			);
			name = Pods;
			sourceTree = "<group>";
		};
		DBBDA22C165A7DF066D6E11F /* Frameworks */ = {
			isa = PBXGroup;
			children = (
				A0CFF08803928814E5E68EF2 /* Pods_Scrun_Fun.framework */,
			);
			name = Frameworks;
			sourceTree = "<group>";
		};
		F127D68B1FA33BB400891A74 = {
			isa = PBXGroup;
			children = (
				F127D6961FA33BB400891A74 /* Scrun Fun */,
				F127D6951FA33BB400891A74 /* Products */,
				9AF666F34EF9C0241E445C51 /* Pods */,
				DBBDA22C165A7DF066D6E11F /* Frameworks */,
			);
			sourceTree = "<group>";
		};
		F127D6951FA33BB400891A74 /* Products */ = {
			isa = PBXGroup;
			children = (
				F127D6941FA33BB400891A74 /* Scrun Fun.app */,
			);
			name = Products;
			sourceTree = "<group>";
		};
		F127D6961FA33BB400891A74 /* Scrun Fun */ = {
			isa = PBXGroup;
			children = (
				F12BFE1F1FA45A2A004499AE /* Cells */,
				F19BC91B1FA3C722005D106E /* Game Classes */,
				F168B5D31FA3773F003B936C /* ViewControllers */,
				F127D6971FA33BB400891A74 /* AppDelegate.swift */,
				F127D69B1FA33BB400891A74 /* Main.storyboard */,
				F127D6A11FA33BB400891A74 /* Assets.xcassets */,
				F127D6A31FA33BB400891A74 /* LaunchScreen.storyboard */,
				F127D6A61FA33BB400891A74 /* Info.plist */,
				F127D69E1FA33BB400891A74 /* Scrun_Fun.xcdatamodeld */,
				F19BC91C1FA3CDAC005D106E /* events.json */,
			);
			path = "Scrun Fun";
			sourceTree = "<group>";
		};
		F12BFE1F1FA45A2A004499AE /* Cells */ = {
			isa = PBXGroup;
			children = (
				F1F83DB61FA34EA2004DC422 /* TeamCell.swift */,
				F12BFE201FA45A43004499AE /* PlanEventCell.swift */,
			);
			path = Cells;
			sourceTree = "<group>";
		};
		F168B5D31FA3773F003B936C /* ViewControllers */ = {
			isa = PBXGroup;
			children = (
				F127D6B21FA340B200891A74 /* StartEndGame.swift */,
				F127D6B41FA348C900891A74 /* SetupScreen.swift */,
				F127D6991FA33BB400891A74 /* ViewController.swift */,
			);
			path = ViewControllers;
			sourceTree = "<group>";
		};
		F19BC91B1FA3C722005D106E /* Game Classes */ = {
			isa = PBXGroup;
			children = (
				F127D6AC1FA33BEB00891A74 /* Game.swift */,
				F170A5FE1FA3B2480018CCA2 /* PlanningEvent.swift */,
				F127D6AE1FA33D1A00891A74 /* State.swift */,
				F127D6B01FA33DB100891A74 /* Developer.swift */,
				F168B5D41FA379FC003B936C /* Phase.swift */,
			);
			path = "Game Classes";
			sourceTree = "<group>";
		};
/* End PBXGroup section */

/* Begin PBXNativeTarget section */
		F127D6931FA33BB400891A74 /* Scrun Fun */ = {
			isa = PBXNativeTarget;
			buildConfigurationList = F127D6A91FA33BB400891A74 /* Build configuration list for PBXNativeTarget "Scrun Fun" */;
			buildPhases = (
				18F413EC1A2683DBCFF9C196 /* [CP] Check Pods Manifest.lock */,
				F127D6901FA33BB400891A74 /* Sources */,
				F127D6911FA33BB400891A74 /* Frameworks */,
				F127D6921FA33BB400891A74 /* Resources */,
				FFE93AB51B4DE4F406218CA5 /* [CP] Embed Pods Frameworks */,
				D3667D11D76ED14573796DF4 /* [CP] Copy Pods Resources */,
			);
			buildRules = (
			);
			dependencies = (
			);
			name = "Scrun Fun";
			productName = "Scrun Fun";
			productReference = F127D6941FA33BB400891A74 /* Scrun Fun.app */;
			productType = "com.apple.product-type.application";
		};
/* End PBXNativeTarget section */

/* Begin PBXProject section */
		F127D68C1FA33BB400891A74 /* Project object */ = {
			isa = PBXProject;
			attributes = {
				LastSwiftUpdateCheck = 0900;
				LastUpgradeCheck = 0900;
				ORGANIZATIONNAME = "Andrei Vataselu";
				TargetAttributes = {
					F127D6931FA33BB400891A74 = {
						CreatedOnToolsVersion = 9.0.1;
						ProvisioningStyle = Automatic;
					};
				};
			};
			buildConfigurationList = F127D68F1FA33BB400891A74 /* Build configuration list for PBXProject "Scrun Fun" */;
			compatibilityVersion = "Xcode 8.0";
			developmentRegion = en;
			hasScannedForEncodings = 0;
			knownRegions = (
				en,
				Base,
			);
			mainGroup = F127D68B1FA33BB400891A74;
			productRefGroup = F127D6951FA33BB400891A74 /* Products */;
			projectDirPath = "";
			projectRoot = "";
			targets = (
				F127D6931FA33BB400891A74 /* Scrun Fun */,
			);
		};
/* End PBXProject section */

/* Begin PBXResourcesBuildPhase section */
		F127D6921FA33BB400891A74 /* Resources */ = {
			isa = PBXResourcesBuildPhase;
			buildActionMask = 2147483647;
			files = (
				F19BC91D1FA3CDAC005D106E /* events.json in Resources */,
				F127D6A51FA33BB400891A74 /* LaunchScreen.storyboard in Resources */,
				F127D6A21FA33BB400891A74 /* Assets.xcassets in Resources */,
				F127D69D1FA33BB400891A74 /* Main.storyboard in Resources */,
			);
			runOnlyForDeploymentPostprocessing = 0;
		};
/* End PBXResourcesBuildPhase section */

/* Begin PBXShellScriptBuildPhase section */
		18F413EC1A2683DBCFF9C196 /* [CP] Check Pods Manifest.lock */ = {
			isa = PBXShellScriptBuildPhase;
			buildActionMask = 2147483647;
			files = (
			);
			inputPaths = (
				"${PODS_PODFILE_DIR_PATH}/Podfile.lock",
				"${PODS_ROOT}/Manifest.lock",
			);
			name = "[CP] Check Pods Manifest.lock";
			outputPaths = (
				"$(DERIVED_FILE_DIR)/Pods-Scrun Fun-checkManifestLockResult.txt",
			);
			runOnlyForDeploymentPostprocessing = 0;
			shellPath = /bin/sh;
			shellScript = "diff \"${PODS_PODFILE_DIR_PATH}/Podfile.lock\" \"${PODS_ROOT}/Manifest.lock\" > /dev/null\nif [ $? != 0 ] ; then\n    # print error to STDERR\n    echo \"error: The sandbox is not in sync with the Podfile.lock. Run 'pod install' or update your CocoaPods installation.\" >&2\n    exit 1\nfi\n# This output is used by Xcode 'outputs' to avoid re-running this script phase.\necho \"SUCCESS\" > \"${SCRIPT_OUTPUT_FILE_0}\"\n";
			showEnvVarsInLog = 0;
		};
		D3667D11D76ED14573796DF4 /* [CP] Copy Pods Resources */ = {
			isa = PBXShellScriptBuildPhase;
			buildActionMask = 2147483647;
			files = (
			);
			inputPaths = (
			);
			name = "[CP] Copy Pods Resources";
			outputPaths = (
			);
			runOnlyForDeploymentPostprocessing = 0;
			shellPath = /bin/sh;
			shellScript = "\"${SRCROOT}/Pods/Target Support Files/Pods-Scrun Fun/Pods-Scrun Fun-resources.sh\"\n";
			showEnvVarsInLog = 0;
		};
		FFE93AB51B4DE4F406218CA5 /* [CP] Embed Pods Frameworks */ = {
			isa = PBXShellScriptBuildPhase;
			buildActionMask = 2147483647;
			files = (
			);
			inputPaths = (
				"${SRCROOT}/Pods/Target Support Files/Pods-Scrun Fun/Pods-Scrun Fun-frameworks.sh",
				"${BUILT_PRODUCTS_DIR}/SwiftyJSON/SwiftyJSON.framework",
			);
			name = "[CP] Embed Pods Frameworks";
			outputPaths = (
				"${TARGET_BUILD_DIR}/${FRAMEWORKS_FOLDER_PATH}/SwiftyJSON.framework",
			);
			runOnlyForDeploymentPostprocessing = 0;
			shellPath = /bin/sh;
			shellScript = "\"${SRCROOT}/Pods/Target Support Files/Pods-Scrun Fun/Pods-Scrun Fun-frameworks.sh\"\n";
			showEnvVarsInLog = 0;
		};
/* End PBXShellScriptBuildPhase section */

/* Begin PBXSourcesBuildPhase section */
		F127D6901FA33BB400891A74 /* Sources */ = {
			isa = PBXSourcesBuildPhase;
			buildActionMask = 2147483647;
			files = (
				F127D6B11FA33DB100891A74 /* Developer.swift in Sources */,
				F170A5FF1FA3B2480018CCA2 /* PlanningEvent.swift in Sources */,
				F127D69A1FA33BB400891A74 /* ViewController.swift in Sources */,
				F12BFE211FA45A43004499AE /* PlanEventCell.swift in Sources */,
				F127D6A01FA33BB400891A74 /* Scrun_Fun.xcdatamodeld in Sources */,
				F127D6981FA33BB400891A74 /* AppDelegate.swift in Sources */,
				F127D6AF1FA33D1A00891A74 /* State.swift in Sources */,
				F127D6B51FA348C900891A74 /* SetupScreen.swift in Sources */,
				F127D6AD1FA33BEB00891A74 /* Game.swift in Sources */,
				F168B5D51FA379FC003B936C /* Phase.swift in Sources */,
				F127D6B31FA340B200891A74 /* StartEndGame.swift in Sources */,
				F1F83DB71FA34EA2004DC422 /* TeamCell.swift in Sources */,
			);
			runOnlyForDeploymentPostprocessing = 0;
		};
/* End PBXSourcesBuildPhase section */

/* Begin PBXVariantGroup section */
		F127D69B1FA33BB400891A74 /* Main.storyboard */ = {
			isa = PBXVariantGroup;
			children = (
				F127D69C1FA33BB400891A74 /* Base */,
			);
			name = Main.storyboard;
			sourceTree = "<group>";
		};
		F127D6A31FA33BB400891A74 /* LaunchScreen.storyboard */ = {
			isa = PBXVariantGroup;
			children = (
				F127D6A41FA33BB400891A74 /* Base */,
			);
			name = LaunchScreen.storyboard;
			sourceTree = "<group>";
		};
/* End PBXVariantGroup section */

/* Begin XCBuildConfiguration section */
		F127D6A71FA33BB400891A74 /* Debug */ = {
			isa = XCBuildConfiguration;
			buildSettings = {
				ALWAYS_SEARCH_USER_PATHS = NO;
				CLANG_ANALYZER_NONNULL = YES;
				CLANG_ANALYZER_NUMBER_OBJECT_CONVERSION = YES_AGGRESSIVE;
				CLANG_CXX_LANGUAGE_STANDARD = "gnu++14";
				CLANG_CXX_LIBRARY = "libc++";
				CLANG_ENABLE_MODULES = YES;
				CLANG_ENABLE_OBJC_ARC = YES;
				CLANG_WARN_BLOCK_CAPTURE_AUTORELEASING = YES;
				CLANG_WARN_BOOL_CONVERSION = YES;
				CLANG_WARN_COMMA = YES;
				CLANG_WARN_CONSTANT_CONVERSION = YES;
				CLANG_WARN_DIRECT_OBJC_ISA_USAGE = YES_ERROR;
				CLANG_WARN_DOCUMENTATION_COMMENTS = YES;
				CLANG_WARN_EMPTY_BODY = YES;
				CLANG_WARN_ENUM_CONVERSION = YES;
				CLANG_WARN_INFINITE_RECURSION = YES;
				CLANG_WARN_INT_CONVERSION = YES;
				CLANG_WARN_NON_LITERAL_NULL_CONVERSION = YES;
				CLANG_WARN_OBJC_LITERAL_CONVERSION = YES;
				CLANG_WARN_OBJC_ROOT_CLASS = YES_ERROR;
				CLANG_WARN_RANGE_LOOP_ANALYSIS = YES;
				CLANG_WARN_STRICT_PROTOTYPES = YES;
				CLANG_WARN_SUSPICIOUS_MOVE = YES;
				CLANG_WARN_UNGUARDED_AVAILABILITY = YES_AGGRESSIVE;
				CLANG_WARN_UNREACHABLE_CODE = YES;
				CLANG_WARN__DUPLICATE_METHOD_MATCH = YES;
				CODE_SIGN_IDENTITY = "iPhone Developer";
				COPY_PHASE_STRIP = NO;
				DEBUG_INFORMATION_FORMAT = dwarf;
				ENABLE_STRICT_OBJC_MSGSEND = YES;
				ENABLE_TESTABILITY = YES;
				GCC_C_LANGUAGE_STANDARD = gnu11;
				GCC_DYNAMIC_NO_PIC = NO;
				GCC_NO_COMMON_BLOCKS = YES;
				GCC_OPTIMIZATION_LEVEL = 0;
				GCC_PREPROCESSOR_DEFINITIONS = (
					"DEBUG=1",
					"$(inherited)",
				);
				GCC_WARN_64_TO_32_BIT_CONVERSION = YES;
				GCC_WARN_ABOUT_RETURN_TYPE = YES_ERROR;
				GCC_WARN_UNDECLARED_SELECTOR = YES;
				GCC_WARN_UNINITIALIZED_AUTOS = YES_AGGRESSIVE;
				GCC_WARN_UNUSED_FUNCTION = YES;
				GCC_WARN_UNUSED_VARIABLE = YES;
				IPHONEOS_DEPLOYMENT_TARGET = 11.0;
				MTL_ENABLE_DEBUG_INFO = YES;
				ONLY_ACTIVE_ARCH = YES;
				SDKROOT = iphoneos;
				SWIFT_ACTIVE_COMPILATION_CONDITIONS = DEBUG;
				SWIFT_OPTIMIZATION_LEVEL = "-Onone";
			};
			name = Debug;
		};
		F127D6A81FA33BB400891A74 /* Release */ = {
			isa = XCBuildConfiguration;
			buildSettings = {
				ALWAYS_SEARCH_USER_PATHS = NO;
				CLANG_ANALYZER_NONNULL = YES;
				CLANG_ANALYZER_NUMBER_OBJECT_CONVERSION = YES_AGGRESSIVE;
				CLANG_CXX_LANGUAGE_STANDARD = "gnu++14";
				CLANG_CXX_LIBRARY = "libc++";
				CLANG_ENABLE_MODULES = YES;
				CLANG_ENABLE_OBJC_ARC = YES;
				CLANG_WARN_BLOCK_CAPTURE_AUTORELEASING = YES;
				CLANG_WARN_BOOL_CONVERSION = YES;
				CLANG_WARN_COMMA = YES;
				CLANG_WARN_CONSTANT_CONVERSION = YES;
				CLANG_WARN_DIRECT_OBJC_ISA_USAGE = YES_ERROR;
				CLANG_WARN_DOCUMENTATION_COMMENTS = YES;
				CLANG_WARN_EMPTY_BODY = YES;
				CLANG_WARN_ENUM_CONVERSION = YES;
				CLANG_WARN_INFINITE_RECURSION = YES;
				CLANG_WARN_INT_CONVERSION = YES;
				CLANG_WARN_NON_LITERAL_NULL_CONVERSION = YES;
				CLANG_WARN_OBJC_LITERAL_CONVERSION = YES;
				CLANG_WARN_OBJC_ROOT_CLASS = YES_ERROR;
				CLANG_WARN_RANGE_LOOP_ANALYSIS = YES;
				CLANG_WARN_STRICT_PROTOTYPES = YES;
				CLANG_WARN_SUSPICIOUS_MOVE = YES;
				CLANG_WARN_UNGUARDED_AVAILABILITY = YES_AGGRESSIVE;
				CLANG_WARN_UNREACHABLE_CODE = YES;
				CLANG_WARN__DUPLICATE_METHOD_MATCH = YES;
				CODE_SIGN_IDENTITY = "iPhone Developer";
				COPY_PHASE_STRIP = NO;
				DEBUG_INFORMATION_FORMAT = "dwarf-with-dsym";
				ENABLE_NS_ASSERTIONS = NO;
				ENABLE_STRICT_OBJC_MSGSEND = YES;
				GCC_C_LANGUAGE_STANDARD = gnu11;
				GCC_NO_COMMON_BLOCKS = YES;
				GCC_WARN_64_TO_32_BIT_CONVERSION = YES;
				GCC_WARN_ABOUT_RETURN_TYPE = YES_ERROR;
				GCC_WARN_UNDECLARED_SELECTOR = YES;
				GCC_WARN_UNINITIALIZED_AUTOS = YES_AGGRESSIVE;
				GCC_WARN_UNUSED_FUNCTION = YES;
				GCC_WARN_UNUSED_VARIABLE = YES;
				IPHONEOS_DEPLOYMENT_TARGET = 11.0;
				MTL_ENABLE_DEBUG_INFO = NO;
				SDKROOT = iphoneos;
				SWIFT_OPTIMIZATION_LEVEL = "-Owholemodule";
				VALIDATE_PRODUCT = YES;
			};
			name = Release;
		};
		F127D6AA1FA33BB400891A74 /* Debug */ = {
			isa = XCBuildConfiguration;
			baseConfigurationReference = 1C991346158DFD75BB9A8BC2 /* Pods-Scrun Fun.debug.xcconfig */;
			buildSettings = {
				ASSETCATALOG_COMPILER_APPICON_NAME = AppIcon;
				CODE_SIGN_STYLE = Automatic;
				DEVELOPMENT_TEAM = KVZCD8H3X4;
				INFOPLIST_FILE = "Scrun Fun/Info.plist";
				LD_RUNPATH_SEARCH_PATHS = "$(inherited) @executable_path/Frameworks";
				PRODUCT_BUNDLE_IDENTIFIER = "com.andreivataselu.Scrun-Fun";
				PRODUCT_NAME = "$(TARGET_NAME)";
				SWIFT_VERSION = 4.0;
				TARGETED_DEVICE_FAMILY = 1;
			};
			name = Debug;
		};
		F127D6AB1FA33BB400891A74 /* Release */ = {
			isa = XCBuildConfiguration;
			baseConfigurationReference = 4A92F46B925962FAC90B3370 /* Pods-Scrun Fun.release.xcconfig */;
			buildSettings = {
				ASSETCATALOG_COMPILER_APPICON_NAME = AppIcon;
				CODE_SIGN_STYLE = Automatic;
				DEVELOPMENT_TEAM = KVZCD8H3X4;
				INFOPLIST_FILE = "Scrun Fun/Info.plist";
				LD_RUNPATH_SEARCH_PATHS = "$(inherited) @executable_path/Frameworks";
				PRODUCT_BUNDLE_IDENTIFIER = "com.andreivataselu.Scrun-Fun";
				PRODUCT_NAME = "$(TARGET_NAME)";
				SWIFT_VERSION = 4.0;
				TARGETED_DEVICE_FAMILY = 1;
			};
			name = Release;
		};
/* End XCBuildConfiguration section */

/* Begin XCConfigurationList section */
		F127D68F1FA33BB400891A74 /* Build configuration list for PBXProject "Scrun Fun" */ = {
			isa = XCConfigurationList;
			buildConfigurations = (
				F127D6A71FA33BB400891A74 /* Debug */,
				F127D6A81FA33BB400891A74 /* Release */,
			);
			defaultConfigurationIsVisible = 0;
			defaultConfigurationName = Release;
		};
		F127D6A91FA33BB400891A74 /* Build configuration list for PBXNativeTarget "Scrun Fun" */ = {
			isa = XCConfigurationList;
			buildConfigurations = (
				F127D6AA1FA33BB400891A74 /* Debug */,
				F127D6AB1FA33BB400891A74 /* Release */,
			);
			defaultConfigurationIsVisible = 0;
			defaultConfigurationName = Release;
		};
/* End XCConfigurationList section */

/* Begin XCVersionGroup section */
		F127D69E1FA33BB400891A74 /* Scrun_Fun.xcdatamodeld */ = {
			isa = XCVersionGroup;
			children = (
				F127D69F1FA33BB400891A74 /* Scrun_Fun.xcdatamodel */,
			);
			currentVersion = F127D69F1FA33BB400891A74 /* Scrun_Fun.xcdatamodel */;
			path = Scrun_Fun.xcdatamodeld;
			sourceTree = "<group>";
			versionGroupType = wrapper.xcdatamodel;
		};
/* End XCVersionGroup section */
	};
	rootObject = F127D68C1FA33BB400891A74 /* Project object */;
}
